
Microsoft Visual Studio Solution File, Format Version 12.00
# Visual Studio Version 16
VisualStudioVersion = 16.0.31515.178
MinimumVisualStudioVersion = 10.0.40219.1
Project("{FAE04EC0-301F-11D3-BF4B-00C04F79EFBC}") = "TechAcademyWebsiteProject_2", "TechAcademyWebsiteProject_2\TechAcademyWebsiteProject_2.csproj", "{7C79FEEB-41B4-41D9-A15E-FBD3F34FE096}"
EndProject
Global
	GlobalSection(SolutionConfigurationPlatforms) = preSolution
		Debug|Any CPU = Debug|Any CPU
		Release|Any CPU = Release|Any CPU
	EndGlobalSection
	GlobalSection(ProjectConfigurationPlatforms) = postSolution
		{7C79FEEB-41B4-41D9-A15E-FBD3F34FE096}.Debug|Any CPU.ActiveCfg = Debug|Any CPU
		{7C79FEEB-41B4-41D9-A15E-FBD3F34FE096}.Debug|Any CPU.Build.0 = Debug|Any CPU
		{7C79FEEB-41B4-41D9-A15E-FBD3F34FE096}.Release|Any CPU.ActiveCfg = Release|Any CPU
		{7C79FEEB-41B4-41D9-A15E-FBD3F34FE096}.Release|Any CPU.Build.0 = Release|Any CPU
	EndGlobalSection
	GlobalSection(SolutionProperties) = preSolution
		HideSolutionNode = FALSE
	EndGlobalSection
	GlobalSection(ExtensibilityGlobals) = postSolution
		SolutionGuid = {0F410A2B-80D2-4F77-A535-007E5E84CA14}
	EndGlobalSection
EndGlobal
